
Microsoft Visual Studio Solution File, Format Version 12.00
# Visual Studio Version 16
VisualStudioVersion = 16.0.31515.178
MinimumVisualStudioVersion = 10.0.40219.1
Project("{9A19103F-16F7-4668-BE54-9A1E7A4F7556}") = "Inlämning3", "Inlämning3\Inlämning3.csproj", "{EC539A09-13D4-492A-923E-19A7F91A0FB6}"
EndProject
Global
	GlobalSection(SolutionConfigurationPlatforms) = preSolution
		Debug|Any CPU = Debug|Any CPU
		Release|Any CPU = Release|Any CPU
	EndGlobalSection
	GlobalSection(ProjectConfigurationPlatforms) = postSolution
		{EC539A09-13D4-492A-923E-19A7F91A0FB6}.Debug|Any CPU.ActiveCfg = Debug|Any CPU
		{EC539A09-13D4-492A-923E-19A7F91A0FB6}.Debug|Any CPU.Build.0 = Debug|Any CPU
		{EC539A09-13D4-492A-923E-19A7F91A0FB6}.Release|Any CPU.ActiveCfg = Release|Any CPU
		{EC539A09-13D4-492A-923E-19A7F91A0FB6}.Release|Any CPU.Build.0 = Release|Any CPU
	EndGlobalSection
	GlobalSection(SolutionProperties) = preSolution
		HideSolutionNode = FALSE
	EndGlobalSection
	GlobalSection(ExtensibilityGlobals) = postSolution
		SolutionGuid = {5B8DA638-42E9-4360-97E1-D75DCF3595FB}
	EndGlobalSection
EndGlobal
